
Microsoft Visual Studio Solution File, Format Version 12.00
# Visual Studio 14
VisualStudioVersion = 14.0.25420.1
MinimumVisualStudioVersion = 10.0.40219.1
Project("{8BC9CEB8-8B4A-11D0-8D11-00A0C91BC942}") = "libexpat", "libexpat\libexpat.vcxproj", "{3AF1FB63-D1A1-4D79-B45C-F05F86461400}"
EndProject
Project("{8BC9CEB8-8B4A-11D0-8D11-00A0C91BC942}") = "libexpat-static", "libexpat-static\libexpat-static.vcxproj", "{D11A09BE-75C1-425A-AA5C-EF55E29DBCF6}"
EndProject
Project("{8BC9CEB8-8B4A-11D0-8D11-00A0C91BC942}") = "libexpatw", "libexpatw\libexpatw.vcxproj", "{2FEFB558-46C7-4275-AE78-5DE23D60BA4D}"
EndProject
Project("{8BC9CEB8-8B4A-11D0-8D11-00A0C91BC942}") = "libexpatw-static", "libexpatw-static\libexpatw-static.vcxproj", "{C3017B37-BF3B-4008-96E5-C0377060DFD4}"
EndProject
Project("{2150E333-8FDC-42A3-9474-1A3956D46DE8}") = "examples", "examples", "{63AD9D03-18C5-45C0-96A2-C48EFE3CA760}"
EndProject
Project("{2150E333-8FDC-42A3-9474-1A3956D46DE8}") = "tests", "tests", "{C174A579-C15B-4E1A-BBFE-03D6209F1C46}"
EndProject
Project("{8BC9CEB8-8B4A-11D0-8D11-00A0C91BC942}") = "elements", "examples\elements\elements.vcxproj", "{128D1734-130A-44C3-80A8-9AE65D8DC581}"
	ProjectSection(ProjectDependencies) = postProject
		{3AF1FB63-D1A1-4D79-B45C-F05F86461400} = {3AF1FB63-D1A1-4D79-B45C-F05F86461400}
	EndProjectSection
EndProject
Project("{8BC9CEB8-8B4A-11D0-8D11-00A0C91BC942}") = "outline", "examples\outline\outline.vcxproj", "{CBB3F006-C784-40EB-8ECF-CAB6EED90DD7}"
	ProjectSection(ProjectDependencies) = postProject
		{3AF1FB63-D1A1-4D79-B45C-F05F86461400} = {3AF1FB63-D1A1-4D79-B45C-F05F86461400}
	EndProjectSection
EndProject
Project("{8BC9CEB8-8B4A-11D0-8D11-00A0C91BC942}") = "runtests", "tests\runtests\runtests.vcxproj", "{D0DD7CB4-9044-416D-8817-7B7A06DAD26B}"
	ProjectSection(ProjectDependencies) = postProject
		{3AF1FB63-D1A1-4D79-B45C-F05F86461400} = {3AF1FB63-D1A1-4D79-B45C-F05F86461400}
	EndProjectSection
EndProject
Project("{8BC9CEB8-8B4A-11D0-8D11-00A0C91BC942}") = "runtests_cxx", "tests\runtests_cxx\runtests_cxx.vcxproj", "{D0437FFF-3C1C-40D8-A018-9D8066C98BEE}"
	ProjectSection(ProjectDependencies) = postProject
		{3AF1FB63-D1A1-4D79-B45C-F05F86461400} = {3AF1FB63-D1A1-4D79-B45C-F05F86461400}
	EndProjectSection
EndProject
Project("{8BC9CEB8-8B4A-11D0-8D11-00A0C91BC942}") = "xmlwf", "xmlwf\xmlwf.vcxproj", "{90ABDF54-7226-4C58-A3A2-4019626A91D2}"
	ProjectSection(ProjectDependencies) = postProject
		{3AF1FB63-D1A1-4D79-B45C-F05F86461400} = {3AF1FB63-D1A1-4D79-B45C-F05F86461400}
	EndProjectSection
EndProject
Project("{8BC9CEB8-8B4A-11D0-8D11-00A0C91BC942}") = "elements-static", "examples\elements-static\elements-static.vcxproj", "{9F1138C4-3256-4D48-973E-366A00235EBA}"
	ProjectSection(ProjectDependencies) = postProject
		{D11A09BE-75C1-425A-AA5C-EF55E29DBCF6} = {D11A09BE-75C1-425A-AA5C-EF55E29DBCF6}
	EndProjectSection
EndProject
Project("{8BC9CEB8-8B4A-11D0-8D11-00A0C91BC942}") = "elementsw", "examples\elementsw\elementsw.vcxproj", "{64C4F44D-3D5F-4DB5-82A8-8A3602BE17AC}"
	ProjectSection(ProjectDependencies) = postProject
		{2FEFB558-46C7-4275-AE78-5DE23D60BA4D} = {2FEFB558-46C7-4275-AE78-5DE23D60BA4D}
	EndProjectSection
EndProject
Project("{8BC9CEB8-8B4A-11D0-8D11-00A0C91BC942}") = "elementsw-static", "examples\elementsw-static\elementsw-static.vcxproj", "{39B73303-EE74-43EE-9D8E-3E1704F1C62F}"
	ProjectSection(ProjectDependencies) = postProject
		{C3017B37-BF3B-4008-96E5-C0377060DFD4} = {C3017B37-BF3B-4008-96E5-C0377060DFD4}
	EndProjectSection
EndProject
Project("{8BC9CEB8-8B4A-11D0-8D11-00A0C91BC942}") = "outline-static", "examples\outline-static\outline-static.vcxproj", "{03952F91-5D85-4737-B6C6-AAC03EACD595}"
	ProjectSection(ProjectDependencies) = postProject
		{D11A09BE-75C1-425A-AA5C-EF55E29DBCF6} = {D11A09BE-75C1-425A-AA5C-EF55E29DBCF6}
	EndProjectSection
EndProject
Project("{8BC9CEB8-8B4A-11D0-8D11-00A0C91BC942}") = "outlinew", "examples\outlinew\outlinew.vcxproj", "{7C9C940B-B416-46BD-8250-D52E0DADC6D3}"
	ProjectSection(ProjectDependencies) = postProject
		{2FEFB558-46C7-4275-AE78-5DE23D60BA4D} = {2FEFB558-46C7-4275-AE78-5DE23D60BA4D}
	EndProjectSection
EndProject
Project("{8BC9CEB8-8B4A-11D0-8D11-00A0C91BC942}") = "outlinew-static", "examples\outlinew-static\outlinew-static.vcxproj", "{CE5C13A4-FF56-49A9-ABB2-B9A2814F4337}"
	ProjectSection(ProjectDependencies) = postProject
		{C3017B37-BF3B-4008-96E5-C0377060DFD4} = {C3017B37-BF3B-4008-96E5-C0377060DFD4}
	EndProjectSection
EndProject
Project("{8BC9CEB8-8B4A-11D0-8D11-00A0C91BC942}") = "runtests_cxx-static", "tests\runtests_cxx-static\runtests_cxx-static.vcxproj", "{B4178DB1-AD90-4D45-BD04-21C0CFCB5B42}"
	ProjectSection(ProjectDependencies) = postProject
		{D11A09BE-75C1-425A-AA5C-EF55E29DBCF6} = {D11A09BE-75C1-425A-AA5C-EF55E29DBCF6}
	EndProjectSection
EndProject
Project("{8BC9CEB8-8B4A-11D0-8D11-00A0C91BC942}") = "runtests_cxxw", "tests\runtests_cxxw\runtests_cxxw.vcxproj", "{D9588641-4F8A-48E6-ADC1-45242E1EDEFA}"
	ProjectSection(ProjectDependencies) = postProject
		{2FEFB558-46C7-4275-AE78-5DE23D60BA4D} = {2FEFB558-46C7-4275-AE78-5DE23D60BA4D}
	EndProjectSection
EndProject
Project("{8BC9CEB8-8B4A-11D0-8D11-00A0C91BC942}") = "runtests_cxxw-static", "tests\runtests_cxxw-static\runtests_cxxw-static.vcxproj", "{FBD220DF-C952-4E47-958F-75CF93C11CB8}"
	ProjectSection(ProjectDependencies) = postProject
		{C3017B37-BF3B-4008-96E5-C0377060DFD4} = {C3017B37-BF3B-4008-96E5-C0377060DFD4}
	EndProjectSection
EndProject
Project("{8BC9CEB8-8B4A-11D0-8D11-00A0C91BC942}") = "runtests-static", "tests\runtests-static\runtests-static.vcxproj", "{B06EB4F6-6CDB-4D42-81B7-CB32376CA26E}"
	ProjectSection(ProjectDependencies) = postProject
		{D11A09BE-75C1-425A-AA5C-EF55E29DBCF6} = {D11A09BE-75C1-425A-AA5C-EF55E29DBCF6}
	EndProjectSection
EndProject
Project("{8BC9CEB8-8B4A-11D0-8D11-00A0C91BC942}") = "runtestsw", "tests\runtestsw\runtestsw.vcxproj", "{A32BC695-B778-4245-A422-8B41580DC066}"
	ProjectSection(ProjectDependencies) = postProject
		{2FEFB558-46C7-4275-AE78-5DE23D60BA4D} = {2FEFB558-46C7-4275-AE78-5DE23D60BA4D}
	EndProjectSection
EndProject
Project("{8BC9CEB8-8B4A-11D0-8D11-00A0C91BC942}") = "runtestsw-static", "tests\runtestsw-static\runtestsw-static.vcxproj", "{82240291-AA6D-4EFA-8561-A0740F594A35}"
	ProjectSection(ProjectDependencies) = postProject
		{C3017B37-BF3B-4008-96E5-C0377060DFD4} = {C3017B37-BF3B-4008-96E5-C0377060DFD4}
	EndProjectSection
EndProject
Project("{8BC9CEB8-8B4A-11D0-8D11-00A0C91BC942}") = "xmlwf-static", "xmlwf-static\xmlwf-static.vcxproj", "{C36501A4-88F6-4677-8580-B24011500392}"
	ProjectSection(ProjectDependencies) = postProject
		{D11A09BE-75C1-425A-AA5C-EF55E29DBCF6} = {D11A09BE-75C1-425A-AA5C-EF55E29DBCF6}
	EndProjectSection
EndProject
Project("{8BC9CEB8-8B4A-11D0-8D11-00A0C91BC942}") = "xmlwfw", "xmlwfw\xmlwfw.vcxproj", "{15F8385E-A8F5-4656-8AD6-C1FB24DD7F39}"
	ProjectSection(ProjectDependencies) = postProject
		{2FEFB558-46C7-4275-AE78-5DE23D60BA4D} = {2FEFB558-46C7-4275-AE78-5DE23D60BA4D}
	EndProjectSection
EndProject
Project("{8BC9CEB8-8B4A-11D0-8D11-00A0C91BC942}") = "xmlwfw-static", "xmlwfw-static\xmlwfw-static.vcxproj", "{953B4E30-79A5-4A11-B79C-1AAE083677CB}"
	ProjectSection(ProjectDependencies) = postProject
		{C3017B37-BF3B-4008-96E5-C0377060DFD4} = {C3017B37-BF3B-4008-96E5-C0377060DFD4}
	EndProjectSection
EndProject
Project("{8BC9CEB8-8B4A-11D0-8D11-00A0C91BC942}") = "benchmark", "tests\benchmark\benchmark.vcxproj", "{A0656DF3-1331-455C-8D7A-883B72AD2B68}"
	ProjectSection(ProjectDependencies) = postProject
		{3AF1FB63-D1A1-4D79-B45C-F05F86461400} = {3AF1FB63-D1A1-4D79-B45C-F05F86461400}
	EndProjectSection
EndProject
Project("{8BC9CEB8-8B4A-11D0-8D11-00A0C91BC942}") = "benchmark-static", "tests\benchmark-static\benchmark-static.vcxproj", "{2F3AAA30-38B7-49DD-91E0-A022D6C6FF09}"
	ProjectSection(ProjectDependencies) = postProject
		{D11A09BE-75C1-425A-AA5C-EF55E29DBCF6} = {D11A09BE-75C1-425A-AA5C-EF55E29DBCF6}
	EndProjectSection
EndProject
Project("{8BC9CEB8-8B4A-11D0-8D11-00A0C91BC942}") = "benchmarkw", "tests\benchmarkw\benchmarkw.vcxproj", "{366DB738-F9D5-4F28-8CA5-16AF6452BA7B}"
	ProjectSection(ProjectDependencies) = postProject
		{2FEFB558-46C7-4275-AE78-5DE23D60BA4D} = {2FEFB558-46C7-4275-AE78-5DE23D60BA4D}
	EndProjectSection
EndProject
Project("{8BC9CEB8-8B4A-11D0-8D11-00A0C91BC942}") = "benchmarkw-static", "tests\benchmarkw-static\benchmarkw-static.vcxproj", "{924F16A3-E2FF-40FF-BAAE-5C0535631FF3}"
	ProjectSection(ProjectDependencies) = postProject
		{C3017B37-BF3B-4008-96E5-C0377060DFD4} = {C3017B37-BF3B-4008-96E5-C0377060DFD4}
	EndProjectSection
EndProject
Global
	GlobalSection(SolutionConfigurationPlatforms) = preSolution
		Debug|Win32 = Debug|Win32
		Debug|x64 = Debug|x64
		Release|Win32 = Release|Win32
		Release|x64 = Release|x64
	EndGlobalSection
	GlobalSection(ProjectConfigurationPlatforms) = postSolution
		{3AF1FB63-D1A1-4D79-B45C-F05F86461400}.Debug|Win32.ActiveCfg = Debug|Win32
		{3AF1FB63-D1A1-4D79-B45C-F05F86461400}.Debug|Win32.Build.0 = Debug|Win32
		{3AF1FB63-D1A1-4D79-B45C-F05F86461400}.Debug|x64.ActiveCfg = Debug|x64
		{3AF1FB63-D1A1-4D79-B45C-F05F86461400}.Debug|x64.Build.0 = Debug|x64
		{3AF1FB63-D1A1-4D79-B45C-F05F86461400}.Release|Win32.ActiveCfg = Release|Win32
		{3AF1FB63-D1A1-4D79-B45C-F05F86461400}.Release|Win32.Build.0 = Release|Win32
		{3AF1FB63-D1A1-4D79-B45C-F05F86461400}.Release|x64.ActiveCfg = Release|x64
		{3AF1FB63-D1A1-4D79-B45C-F05F86461400}.Release|x64.Build.0 = Release|x64
		{D11A09BE-75C1-425A-AA5C-EF55E29DBCF6}.Debug|Win32.ActiveCfg = Debug|Win32
		{D11A09BE-75C1-425A-AA5C-EF55E29DBCF6}.Debug|Win32.Build.0 = Debug|Win32
		{D11A09BE-75C1-425A-AA5C-EF55E29DBCF6}.Debug|x64.ActiveCfg = Debug|x64
		{D11A09BE-75C1-425A-AA5C-EF55E29DBCF6}.Debug|x64.Build.0 = Debug|x64
		{D11A09BE-75C1-425A-AA5C-EF55E29DBCF6}.Release|Win32.ActiveCfg = Release|Win32
		{D11A09BE-75C1-425A-AA5C-EF55E29DBCF6}.Release|Win32.Build.0 = Release|Win32
		{D11A09BE-75C1-425A-AA5C-EF55E29DBCF6}.Release|x64.ActiveCfg = Release|x64
		{D11A09BE-75C1-425A-AA5C-EF55E29DBCF6}.Release|x64.Build.0 = Release|x64
		{2FEFB558-46C7-4275-AE78-5DE23D60BA4D}.Debug|Win32.ActiveCfg = Debug|Win32
		{2FEFB558-46C7-4275-AE78-5DE23D60BA4D}.Debug|Win32.Build.0 = Debug|Win32
		{2FEFB558-46C7-4275-AE78-5DE23D60BA4D}.Debug|x64.ActiveCfg = Debug|x64
		{2FEFB558-46C7-4275-AE78-5DE23D60BA4D}.Debug|x64.Build.0 = Debug|x64
		{2FEFB558-46C7-4275-AE78-5DE23D60BA4D}.Release|Win32.ActiveCfg = Release|Win32
		{2FEFB558-46C7-4275-AE78-5DE23D60BA4D}.Release|Win32.Build.0 = Release|Win32
		{2FEFB558-46C7-4275-AE78-5DE23D60BA4D}.Release|x64.ActiveCfg = Release|x64
		{2FEFB558-46C7-4275-AE78-5DE23D60BA4D}.Release|x64.Build.0 = Release|x64
		{C3017B37-BF3B-4008-96E5-C0377060DFD4}.Debug|Win32.ActiveCfg = Debug|Win32
		{C3017B37-BF3B-4008-96E5-C0377060DFD4}.Debug|Win32.Build.0 = Debug|Win32
		{C3017B37-BF3B-4008-96E5-C0377060DFD4}.Debug|x64.ActiveCfg = Debug|x64
		{C3017B37-BF3B-4008-96E5-C0377060DFD4}.Debug|x64.Build.0 = Debug|x64
		{C3017B37-BF3B-4008-96E5-C0377060DFD4}.Release|Win32.ActiveCfg = Release|Win32
		{C3017B37-BF3B-4008-96E5-C0377060DFD4}.Release|Win32.Build.0 = Release|Win32
		{C3017B37-BF3B-4008-96E5-C0377060DFD4}.Release|x64.ActiveCfg = Release|x64
		{C3017B37-BF3B-4008-96E5-C0377060DFD4}.Release|x64.Build.0 = Release|x64
		{128D1734-130A-44C3-80A8-9AE65D8DC581}.Debug|Win32.ActiveCfg = Debug|Win32
		{128D1734-130A-44C3-80A8-9AE65D8DC581}.Debug|Win32.Build.0 = Debug|Win32
		{128D1734-130A-44C3-80A8-9AE65D8DC581}.Debug|x64.ActiveCfg = Debug|x64
		{128D1734-130A-44C3-80A8-9AE65D8DC581}.Debug|x64.Build.0 = Debug|x64
		{128D1734-130A-44C3-80A8-9AE65D8DC581}.Release|Win32.ActiveCfg = Release|Win32
		{128D1734-130A-44C3-80A8-9AE65D8DC581}.Release|Win32.Build.0 = Release|Win32
		{128D1734-130A-44C3-80A8-9AE65D8DC581}.Release|x64.ActiveCfg = Release|x64
		{128D1734-130A-44C3-80A8-9AE65D8DC581}.Release|x64.Build.0 = Release|x64
		{CBB3F006-C784-40EB-8ECF-CAB6EED90DD7}.Debug|Win32.ActiveCfg = Debug|Win32
		{CBB3F006-C784-40EB-8ECF-CAB6EED90DD7}.Debug|Win32.Build.0 = Debug|Win32
		{CBB3F006-C784-40EB-8ECF-CAB6EED90DD7}.Debug|x64.ActiveCfg = Debug|x64
		{CBB3F006-C784-40EB-8ECF-CAB6EED90DD7}.Debug|x64.Build.0 = Debug|x64
		{CBB3F006-C784-40EB-8ECF-CAB6EED90DD7}.Release|Win32.ActiveCfg = Release|Win32
		{CBB3F006-C784-40EB-8ECF-CAB6EED90DD7}.Release|Win32.Build.0 = Release|Win32
		{CBB3F006-C784-40EB-8ECF-CAB6EED90DD7}.Release|x64.ActiveCfg = Release|x64
		{CBB3F006-C784-40EB-8ECF-CAB6EED90DD7}.Release|x64.Build.0 = Release|x64
		{D0DD7CB4-9044-416D-8817-7B7A06DAD26B}.Debug|Win32.ActiveCfg = Debug|Win32
		{D0DD7CB4-9044-416D-8817-7B7A06DAD26B}.Debug|Win32.Build.0 = Debug|Win32
		{D0DD7CB4-9044-416D-8817-7B7A06DAD26B}.Debug|x64.ActiveCfg = Debug|x64
		{D0DD7CB4-9044-416D-8817-7B7A06DAD26B}.Debug|x64.Build.0 = Debug|x64
		{D0DD7CB4-9044-416D-8817-7B7A06DAD26B}.Release|Win32.ActiveCfg = Release|Win32
		{D0DD7CB4-9044-416D-8817-7B7A06DAD26B}.Release|Win32.Build.0 = Release|Win32
		{D0DD7CB4-9044-416D-8817-7B7A06DAD26B}.Release|x64.ActiveCfg = Release|x64
		{D0DD7CB4-9044-416D-8817-7B7A06DAD26B}.Release|x64.Build.0 = Release|x64
		{D0437FFF-3C1C-40D8-A018-9D8066C98BEE}.Debug|Win32.ActiveCfg = Debug|Win32
		{D0437FFF-3C1C-40D8-A018-9D8066C98BEE}.Debug|Win32.Build.0 = Debug|Win32
		{D0437FFF-3C1C-40D8-A018-9D8066C98BEE}.Debug|x64.ActiveCfg = Debug|x64
		{D0437FFF-3C1C-40D8-A018-9D8066C98BEE}.Debug|x64.Build.0 = Debug|x64
		{D0437FFF-3C1C-40D8-A018-9D8066C98BEE}.Release|Win32.ActiveCfg = Release|Win32
		{D0437FFF-3C1C-40D8-A018-9D8066C98BEE}.Release|Win32.Build.0 = Release|Win32
		{D0437FFF-3C1C-40D8-A018-9D8066C98BEE}.Release|x64.ActiveCfg = Release|x64
		{D0437FFF-3C1C-40D8-A018-9D8066C98BEE}.Release|x64.Build.0 = Release|x64
		{90ABDF54-7226-4C58-A3A2-4019626A91D2}.Debug|Win32.ActiveCfg = Debug|Win32
		{90ABDF54-7226-4C58-A3A2-4019626A91D2}.Debug|Win32.Build.0 = Debug|Win32
		{90ABDF54-7226-4C58-A3A2-4019626A91D2}.Debug|x64.ActiveCfg = Debug|x64
		{90ABDF54-7226-4C58-A3A2-4019626A91D2}.Debug|x64.Build.0 = Debug|x64
		{90ABDF54-7226-4C58-A3A2-4019626A91D2}.Release|Win32.ActiveCfg = Release|Win32
		{90ABDF54-7226-4C58-A3A2-4019626A91D2}.Release|Win32.Build.0 = Release|Win32
		{90ABDF54-7226-4C58-A3A2-4019626A91D2}.Release|x64.ActiveCfg = Release|x64
		{90ABDF54-7226-4C58-A3A2-4019626A91D2}.Release|x64.Build.0 = Release|x64
		{9F1138C4-3256-4D48-973E-366A00235EBA}.Debug|Win32.ActiveCfg = Debug|Win32
		{9F1138C4-3256-4D48-973E-366A00235EBA}.Debug|Win32.Build.0 = Debug|Win32
		{9F1138C4-3256-4D48-973E-366A00235EBA}.Debug|x64.ActiveCfg = Debug|x64
		{9F1138C4-3256-4D48-973E-366A00235EBA}.Debug|x64.Build.0 = Debug|x64
		{9F1138C4-3256-4D48-973E-366A00235EBA}.Release|Win32.ActiveCfg = Release|Win32
		{9F1138C4-3256-4D48-973E-366A00235EBA}.Release|Win32.Build.0 = Release|Win32
		{9F1138C4-3256-4D48-973E-366A00235EBA}.Release|x64.ActiveCfg = Release|x64
		{9F1138C4-3256-4D48-973E-366A00235EBA}.Release|x64.Build.0 = Release|x64
		{64C4F44D-3D5F-4DB5-82A8-8A3602BE17AC}.Debug|Win32.ActiveCfg = Debug|Win32
		{64C4F44D-3D5F-4DB5-82A8-8A3602BE17AC}.Debug|Win32.Build.0 = Debug|Win32
		{64C4F44D-3D5F-4DB5-82A8-8A3602BE17AC}.Debug|x64.ActiveCfg = Debug|x64
		{64C4F44D-3D5F-4DB5-82A8-8A3602BE17AC}.Debug|x64.Build.0 = Debug|x64
		{64C4F44D-3D5F-4DB5-82A8-8A3602BE17AC}.Release|Win32.ActiveCfg = Release|Win32
		{64C4F44D-3D5F-4DB5-82A8-8A3602BE17AC}.Release|Win32.Build.0 = Release|Win32
		{64C4F44D-3D5F-4DB5-82A8-8A3602BE17AC}.Release|x64.ActiveCfg = Release|x64
		{64C4F44D-3D5F-4DB5-82A8-8A3602BE17AC}.Release|x64.Build.0 = Release|x64
		{39B73303-EE74-43EE-9D8E-3E1704F1C62F}.Debug|Win32.ActiveCfg = Debug|Win32
		{39B73303-EE74-43EE-9D8E-3E1704F1C62F}.Debug|Win32.Build.0 = Debug|Win32
		{39B73303-EE74-43EE-9D8E-3E1704F1C62F}.Debug|x64.ActiveCfg = Debug|x64
		{39B73303-EE74-43EE-9D8E-3E1704F1C62F}.Debug|x64.Build.0 = Debug|x64
		{39B73303-EE74-43EE-9D8E-3E1704F1C62F}.Release|Win32.ActiveCfg = Release|Win32
		{39B73303-EE74-43EE-9D8E-3E1704F1C62F}.Release|Win32.Build.0 = Release|Win32
		{39B73303-EE74-43EE-9D8E-3E1704F1C62F}.Release|x64.ActiveCfg = Release|x64
		{39B73303-EE74-43EE-9D8E-3E1704F1C62F}.Release|x64.Build.0 = Release|x64
		{03952F91-5D85-4737-B6C6-AAC03EACD595}.Debug|Win32.ActiveCfg = Debug|Win32
		{03952F91-5D85-4737-B6C6-AAC03EACD595}.Debug|Win32.Build.0 = Debug|Win32
		{03952F91-5D85-4737-B6C6-AAC03EACD595}.Debug|x64.ActiveCfg = Debug|x64
		{03952F91-5D85-4737-B6C6-AAC03EACD595}.Debug|x64.Build.0 = Debug|x64
		{03952F91-5D85-4737-B6C6-AAC03EACD595}.Release|Win32.ActiveCfg = Release|Win32
		{03952F91-5D85-4737-B6C6-AAC03EACD595}.Release|Win32.Build.0 = Release|Win32
		{03952F91-5D85-4737-B6C6-AAC03EACD595}.Release|x64.ActiveCfg = Release|x64
		{03952F91-5D85-4737-B6C6-AAC03EACD595}.Release|x64.Build.0 = Release|x64
		{7C9C940B-B416-46BD-8250-D52E0DADC6D3}.Debug|Win32.ActiveCfg = Debug|Win32
		{7C9C940B-B416-46BD-8250-D52E0DADC6D3}.Debug|Win32.Build.0 = Debug|Win32
		{7C9C940B-B416-46BD-8250-D52E0DADC6D3}.Debug|x64.ActiveCfg = Debug|x64
		{7C9C940B-B416-46BD-8250-D52E0DADC6D3}.Debug|x64.Build.0 = Debug|x64
		{7C9C940B-B416-46BD-8250-D52E0DADC6D3}.Release|Win32.ActiveCfg = Release|Win32
		{7C9C940B-B416-46BD-8250-D52E0DADC6D3}.Release|Win32.Build.0 = Release|Win32
		{7C9C940B-B416-46BD-8250-D52E0DADC6D3}.Release|x64.ActiveCfg = Release|x64
		{7C9C940B-B416-46BD-8250-D52E0DADC6D3}.Release|x64.Build.0 = Release|x64
		{CE5C13A4-FF56-49A9-ABB2-B9A2814F4337}.Debug|Win32.ActiveCfg = Debug|Win32
		{CE5C13A4-FF56-49A9-ABB2-B9A2814F4337}.Debug|Win32.Build.0 = Debug|Win32
		{CE5C13A4-FF56-49A9-ABB2-B9A2814F4337}.Debug|x64.ActiveCfg = Debug|x64
		{CE5C13A4-FF56-49A9-ABB2-B9A2814F4337}.Debug|x64.Build.0 = Debug|x64
		{CE5C13A4-FF56-49A9-ABB2-B9A2814F4337}.Release|Win32.ActiveCfg = Release|Win32
		{CE5C13A4-FF56-49A9-ABB2-B9A2814F4337}.Release|Win32.Build.0 = Release|Win32
		{CE5C13A4-FF56-49A9-ABB2-B9A2814F4337}.Release|x64.ActiveCfg = Release|x64
		{CE5C13A4-FF56-49A9-ABB2-B9A2814F4337}.Release|x64.Build.0 = Release|x64
		{B4178DB1-AD90-4D45-BD04-21C0CFCB5B42}.Debug|Win32.ActiveCfg = Debug|Win32
		{B4178DB1-AD90-4D45-BD04-21C0CFCB5B42}.Debug|Win32.Build.0 = Debug|Win32
		{B4178DB1-AD90-4D45-BD04-21C0CFCB5B42}.Debug|x64.ActiveCfg = Debug|x64
		{B4178DB1-AD90-4D45-BD04-21C0CFCB5B42}.Debug|x64.Build.0 = Debug|x64
		{B4178DB1-AD90-4D45-BD04-21C0CFCB5B42}.Release|Win32.ActiveCfg = Release|Win32
		{B4178DB1-AD90-4D45-BD04-21C0CFCB5B42}.Release|Win32.Build.0 = Release|Win32
		{B4178DB1-AD90-4D45-BD04-21C0CFCB5B42}.Release|x64.ActiveCfg = Release|x64
		{B4178DB1-AD90-4D45-BD04-21C0CFCB5B42}.Release|x64.Build.0 = Release|x64
		{D9588641-4F8A-48E6-ADC1-45242E1EDEFA}.Debug|Win32.ActiveCfg = Debug|Win32
		{D9588641-4F8A-48E6-ADC1-45242E1EDEFA}.Debug|Win32.Build.0 = Debug|Win32
		{D9588641-4F8A-48E6-ADC1-45242E1EDEFA}.Debug|x64.ActiveCfg = Debug|x64
		{D9588641-4F8A-48E6-ADC1-45242E1EDEFA}.Debug|x64.Build.0 = Debug|x64
		{D9588641-4F8A-48E6-ADC1-45242E1EDEFA}.Release|Win32.ActiveCfg = Release|Win32
		{D9588641-4F8A-48E6-ADC1-45242E1EDEFA}.Release|Win32.Build.0 = Release|Win32
		{D9588641-4F8A-48E6-ADC1-45242E1EDEFA}.Release|x64.ActiveCfg = Release|x64
		{D9588641-4F8A-48E6-ADC1-45242E1EDEFA}.Release|x64.Build.0 = Release|x64
		{FBD220DF-C952-4E47-958F-75CF93C11CB8}.Debug|Win32.ActiveCfg = Debug|Win32
		{FBD220DF-C952-4E47-958F-75CF93C11CB8}.Debug|Win32.Build.0 = Debug|Win32
		{FBD220DF-C952-4E47-958F-75CF93C11CB8}.Debug|x64.ActiveCfg = Debug|x64
		{FBD220DF-C952-4E47-958F-75CF93C11CB8}.Debug|x64.Build.0 = Debug|x64
		{FBD220DF-C952-4E47-958F-75CF93C11CB8}.Release|Win32.ActiveCfg = Release|Win32
		{FBD220DF-C952-4E47-958F-75CF93C11CB8}.Release|Win32.Build.0 = Release|Win32
		{FBD220DF-C952-4E47-958F-75CF93C11CB8}.Release|x64.ActiveCfg = Release|x64
		{FBD220DF-C952-4E47-958F-75CF93C11CB8}.Release|x64.Build.0 = Release|x64
		{B06EB4F6-6CDB-4D42-81B7-CB32376CA26E}.Debug|Win32.ActiveCfg = Debug|Win32
		{B06EB4F6-6CDB-4D42-81B7-CB32376CA26E}.Debug|Win32.Build.0 = Debug|Win32
		{B06EB4F6-6CDB-4D42-81B7-CB32376CA26E}.Debug|x64.ActiveCfg = Debug|x64
		{B06EB4F6-6CDB-4D42-81B7-CB32376CA26E}.Debug|x64.Build.0 = Debug|x64
		{B06EB4F6-6CDB-4D42-81B7-CB32376CA26E}.Release|Win32.ActiveCfg = Release|Win32
		{B06EB4F6-6CDB-4D42-81B7-CB32376CA26E}.Release|Win32.Build.0 = Release|Win32
		{B06EB4F6-6CDB-4D42-81B7-CB32376CA26E}.Release|x64.ActiveCfg = Release|x64
		{B06EB4F6-6CDB-4D42-81B7-CB32376CA26E}.Release|x64.Build.0 = Release|x64
		{A32BC695-B778-4245-A422-8B41580DC066}.Debug|Win32.ActiveCfg = Debug|Win32
		{A32BC695-B778-4245-A422-8B41580DC066}.Debug|Win32.Build.0 = Debug|Win32
		{A32BC695-B778-4245-A422-8B41580DC066}.Debug|x64.ActiveCfg = Debug|x64
		{A32BC695-B778-4245-A422-8B41580DC066}.Debug|x64.Build.0 = Debug|x64
		{A32BC695-B778-4245-A422-8B41580DC066}.Release|Win32.ActiveCfg = Release|Win32
		{A32BC695-B778-4245-A422-8B41580DC066}.Release|Win32.Build.0 = Release|Win32
		{A32BC695-B778-4245-A422-8B41580DC066}.Release|x64.ActiveCfg = Release|x64
		{A32BC695-B778-4245-A422-8B41580DC066}.Release|x64.Build.0 = Release|x64
		{82240291-AA6D-4EFA-8561-A0740F594A35}.Debug|Win32.ActiveCfg = Debug|Win32
		{82240291-AA6D-4EFA-8561-A0740F594A35}.Debug|Win32.Build.0 = Debug|Win32
		{82240291-AA6D-4EFA-8561-A0740F594A35}.Debug|x64.ActiveCfg = Debug|x64
		{82240291-AA6D-4EFA-8561-A0740F594A35}.Debug|x64.Build.0 = Debug|x64
		{82240291-AA6D-4EFA-8561-A0740F594A35}.Release|Win32.ActiveCfg = Release|Win32
		{82240291-AA6D-4EFA-8561-A0740F594A35}.Release|Win32.Build.0 = Release|Win32
		{82240291-AA6D-4EFA-8561-A0740F594A35}.Release|x64.ActiveCfg = Release|x64
		{82240291-AA6D-4EFA-8561-A0740F594A35}.Release|x64.Build.0 = Release|x64
		{C36501A4-88F6-4677-8580-B24011500392}.Debug|Win32.ActiveCfg = Debug|Win32
		{C36501A4-88F6-4677-8580-B24011500392}.Debug|Win32.Build.0 = Debug|Win32
		{C36501A4-88F6-4677-8580-B24011500392}.Debug|x64.ActiveCfg = Debug|x64
		{C36501A4-88F6-4677-8580-B24011500392}.Debug|x64.Build.0 = Debug|x64
		{C36501A4-88F6-4677-8580-B24011500392}.Release|Win32.ActiveCfg = Release|Win32
		{C36501A4-88F6-4677-8580-B24011500392}.Release|Win32.Build.0 = Release|Win32
		{C36501A4-88F6-4677-8580-B24011500392}.Release|x64.ActiveCfg = Release|x64
		{C36501A4-88F6-4677-8580-B24011500392}.Release|x64.Build.0 = Release|x64
		{15F8385E-A8F5-4656-8AD6-C1FB24DD7F39}.Debug|Win32.ActiveCfg = Debug|Win32
		{15F8385E-A8F5-4656-8AD6-C1FB24DD7F39}.Debug|Win32.Build.0 = Debug|Win32
		{15F8385E-A8F5-4656-8AD6-C1FB24DD7F39}.Debug|x64.ActiveCfg = Debug|x64
		{15F8385E-A8F5-4656-8AD6-C1FB24DD7F39}.Debug|x64.Build.0 = Debug|x64
		{15F8385E-A8F5-4656-8AD6-C1FB24DD7F39}.Release|Win32.ActiveCfg = Release|Win32
		{15F8385E-A8F5-4656-8AD6-C1FB24DD7F39}.Release|Win32.Build.0 = Release|Win32
		{15F8385E-A8F5-4656-8AD6-C1FB24DD7F39}.Release|x64.ActiveCfg = Release|x64
		{15F8385E-A8F5-4656-8AD6-C1FB24DD7F39}.Release|x64.Build.0 = Release|x64
		{953B4E30-79A5-4A11-B79C-1AAE083677CB}.Debug|Win32.ActiveCfg = Debug|Win32
		{953B4E30-79A5-4A11-B79C-1AAE083677CB}.Debug|Win32.Build.0 = Debug|Win32
		{953B4E30-79A5-4A11-B79C-1AAE083677CB}.Debug|x64.ActiveCfg = Debug|x64
		{953B4E30-79A5-4A11-B79C-1AAE083677CB}.Debug|x64.Build.0 = Debug|x64
		{953B4E30-79A5-4A11-B79C-1AAE083677CB}.Release|Win32.ActiveCfg = Release|Win32
		{953B4E30-79A5-4A11-B79C-1AAE083677CB}.Release|Win32.Build.0 = Release|Win32
		{953B4E30-79A5-4A11-B79C-1AAE083677CB}.Release|x64.ActiveCfg = Release|x64
		{953B4E30-79A5-4A11-B79C-1AAE083677CB}.Release|x64.Build.0 = Release|x64
		{A0656DF3-1331-455C-8D7A-883B72AD2B68}.Debug|Win32.ActiveCfg = Debug|Win32
		{A0656DF3-1331-455C-8D7A-883B72AD2B68}.Debug|Win32.Build.0 = Debug|Win32
		{A0656DF3-1331-455C-8D7A-883B72AD2B68}.Debug|x64.ActiveCfg = Debug|x64
		{A0656DF3-1331-455C-8D7A-883B72AD2B68}.Debug|x64.Build.0 = Debug|x64
		{A0656DF3-1331-455C-8D7A-883B72AD2B68}.Release|Win32.ActiveCfg = Release|Win32
		{A0656DF3-1331-455C-8D7A-883B72AD2B68}.Release|Win32.Build.0 = Release|Win32
		{A0656DF3-1331-455C-8D7A-883B72AD2B68}.Release|x64.ActiveCfg = Release|x64
		{A0656DF3-1331-455C-8D7A-883B72AD2B68}.Release|x64.Build.0 = Release|x64
		{2F3AAA30-38B7-49DD-91E0-A022D6C6FF09}.Debug|Win32.ActiveCfg = Debug|Win32
		{2F3AAA30-38B7-49DD-91E0-A022D6C6FF09}.Debug|Win32.Build.0 = Debug|Win32
		{2F3AAA30-38B7-49DD-91E0-A022D6C6FF09}.Debug|x64.ActiveCfg = Debug|x64
		{2F3AAA30-38B7-49DD-91E0-A022D6C6FF09}.Debug|x64.Build.0 = Debug|x64
		{2F3AAA30-38B7-49DD-91E0-A022D6C6FF09}.Release|Win32.ActiveCfg = Release|Win32
		{2F3AAA30-38B7-49DD-91E0-A022D6C6FF09}.Release|Win32.Build.0 = Release|Win32
		{2F3AAA30-38B7-49DD-91E0-A022D6C6FF09}.Release|x64.ActiveCfg = Release|x64
		{2F3AAA30-38B7-49DD-91E0-A022D6C6FF09}.Release|x64.Build.0 = Release|x64
		{366DB738-F9D5-4F28-8CA5-16AF6452BA7B}.Debug|Win32.ActiveCfg = Debug|Win32
		{366DB738-F9D5-4F28-8CA5-16AF6452BA7B}.Debug|Win32.Build.0 = Debug|Win32
		{366DB738-F9D5-4F28-8CA5-16AF6452BA7B}.Debug|x64.ActiveCfg = Debug|x64
		{366DB738-F9D5-4F28-8CA5-16AF6452BA7B}.Debug|x64.Build.0 = Debug|x64
		{366DB738-F9D5-4F28-8CA5-16AF6452BA7B}.Release|Win32.ActiveCfg = Release|Win32
		{366DB738-F9D5-4F28-8CA5-16AF6452BA7B}.Release|Win32.Build.0 = Release|Win32
		{366DB738-F9D5-4F28-8CA5-16AF6452BA7B}.Release|x64.ActiveCfg = Release|x64
		{366DB738-F9D5-4F28-8CA5-16AF6452BA7B}.Release|x64.Build.0 = Release|x64
		{924F16A3-E2FF-40FF-BAAE-5C0535631FF3}.Debug|Win32.ActiveCfg = Debug|Win32
		{924F16A3-E2FF-40FF-BAAE-5C0535631FF3}.Debug|Win32.Build.0 = Debug|Win32
		{924F16A3-E2FF-40FF-BAAE-5C0535631FF3}.Debug|x64.ActiveCfg = Debug|x64
		{924F16A3-E2FF-40FF-BAAE-5C0535631FF3}.Debug|x64.Build.0 = Debug|x64
		{924F16A3-E2FF-40FF-BAAE-5C0535631FF3}.Release|Win32.ActiveCfg = Release|Win32
		{924F16A3-E2FF-40FF-BAAE-5C0535631FF3}.Release|Win32.Build.0 = Release|Win32
		{924F16A3-E2FF-40FF-BAAE-5C0535631FF3}.Release|x64.ActiveCfg = Release|x64
		{924F16A3-E2FF-40FF-BAAE-5C0535631FF3}.Release|x64.Build.0 = Release|x64
	EndGlobalSection
	GlobalSection(SolutionProperties) = preSolution
		HideSolutionNode = FALSE
	EndGlobalSection
	GlobalSection(NestedProjects) = preSolution
		{128D1734-130A-44C3-80A8-9AE65D8DC581} = {63AD9D03-18C5-45C0-96A2-C48EFE3CA760}
		{CBB3F006-C784-40EB-8ECF-CAB6EED90DD7} = {63AD9D03-18C5-45C0-96A2-C48EFE3CA760}
		{D0DD7CB4-9044-416D-8817-7B7A06DAD26B} = {C174A579-C15B-4E1A-BBFE-03D6209F1C46}
		{D0437FFF-3C1C-40D8-A018-9D8066C98BEE} = {C174A579-C15B-4E1A-BBFE-03D6209F1C46}
		{9F1138C4-3256-4D48-973E-366A00235EBA} = {63AD9D03-18C5-45C0-96A2-C48EFE3CA760}
		{64C4F44D-3D5F-4DB5-82A8-8A3602BE17AC} = {63AD9D03-18C5-45C0-96A2-C48EFE3CA760}
		{39B73303-EE74-43EE-9D8E-3E1704F1C62F} = {63AD9D03-18C5-45C0-96A2-C48EFE3CA760}
		{03952F91-5D85-4737-B6C6-AAC03EACD595} = {63AD9D03-18C5-45C0-96A2-C48EFE3CA760}
		{7C9C940B-B416-46BD-8250-D52E0DADC6D3} = {63AD9D03-18C5-45C0-96A2-C48EFE3CA760}
		{CE5C13A4-FF56-49A9-ABB2-B9A2814F4337} = {63AD9D03-18C5-45C0-96A2-C48EFE3CA760}
		{B4178DB1-AD90-4D45-BD04-21C0CFCB5B42} = {C174A579-C15B-4E1A-BBFE-03D6209F1C46}
		{D9588641-4F8A-48E6-ADC1-45242E1EDEFA} = {C174A579-C15B-4E1A-BBFE-03D6209F1C46}
		{FBD220DF-C952-4E47-958F-75CF93C11CB8} = {C174A579-C15B-4E1A-BBFE-03D6209F1C46}
		{B06EB4F6-6CDB-4D42-81B7-CB32376CA26E} = {C174A579-C15B-4E1A-BBFE-03D6209F1C46}
		{A32BC695-B778-4245-A422-8B41580DC066} = {C174A579-C15B-4E1A-BBFE-03D6209F1C46}
		{82240291-AA6D-4EFA-8561-A0740F594A35} = {C174A579-C15B-4E1A-BBFE-03D6209F1C46}
		{A0656DF3-1331-455C-8D7A-883B72AD2B68} = {C174A579-C15B-4E1A-BBFE-03D6209F1C46}
		{2F3AAA30-38B7-49DD-91E0-A022D6C6FF09} = {C174A579-C15B-4E1A-BBFE-03D6209F1C46}
		{366DB738-F9D5-4F28-8CA5-16AF6452BA7B} = {C174A579-C15B-4E1A-BBFE-03D6209F1C46}
		{924F16A3-E2FF-40FF-BAAE-5C0535631FF3} = {C174A579-C15B-4E1A-BBFE-03D6209F1C46}
	EndGlobalSection
	GlobalSection(ExtensibilityGlobals) = postSolution
		SolutionGuid = {CB589D18-677D-466A-B30D-4CA25A150C63}
	EndGlobalSection
EndGlobal
